
Microsoft Visual Studio Solution File, Format Version 12.00
# Visual Studio Version 16
VisualStudioVersion = 16.0.30204.135
MinimumVisualStudioVersion = 10.0.40219.1
Project("{FAE04EC0-301F-11D3-BF4B-00C04F79EFBC}") = "DataAdapterWizard", "DataAdapterWizard\DataAdapterWizard.csproj", "{1FC41041-0E86-4307-BE28-7A8B0460184C}"
EndProject
Global
	GlobalSection(SolutionConfigurationPlatforms) = preSolution
		Debug|Any CPU = Debug|Any CPU
		Release|Any CPU = Release|Any CPU
	EndGlobalSection
	GlobalSection(ProjectConfigurationPlatforms) = postSolution
		{1FC41041-0E86-4307-BE28-7A8B0460184C}.Debug|Any CPU.ActiveCfg = Debug|Any CPU
		{1FC41041-0E86-4307-BE28-7A8B0460184C}.Debug|Any CPU.Build.0 = Debug|Any CPU
		{1FC41041-0E86-4307-BE28-7A8B0460184C}.Release|Any CPU.ActiveCfg = Release|Any CPU
		{1FC41041-0E86-4307-BE28-7A8B0460184C}.Release|Any CPU.Build.0 = Release|Any CPU
	EndGlobalSection
	GlobalSection(SolutionProperties) = preSolution
		HideSolutionNode = FALSE
	EndGlobalSection
	GlobalSection(ExtensibilityGlobals) = postSolution
		SolutionGuid = {4758BE98-B0CD-49D2-BF26-587D36FEB2B3}
	EndGlobalSection
EndGlobal
