
Microsoft Visual Studio Solution File, Format Version 12.00
# Visual Studio Version 16
VisualStudioVersion = 16.0.30204.135
MinimumVisualStudioVersion = 10.0.40219.1
Project("{FAE04EC0-301F-11D3-BF4B-00C04F79EFBC}") = "DatasetDesigner", "DatasetDesigner\DatasetDesigner.csproj", "{40F17330-5A24-485E-93AE-18F399D047F2}"
EndProject
Global
	GlobalSection(SolutionConfigurationPlatforms) = preSolution
		Debug|Any CPU = Debug|Any CPU
		Release|Any CPU = Release|Any CPU
	EndGlobalSection
	GlobalSection(ProjectConfigurationPlatforms) = postSolution
		{40F17330-5A24-485E-93AE-18F399D047F2}.Debug|Any CPU.ActiveCfg = Debug|Any CPU
		{40F17330-5A24-485E-93AE-18F399D047F2}.Debug|Any CPU.Build.0 = Debug|Any CPU
		{40F17330-5A24-485E-93AE-18F399D047F2}.Release|Any CPU.ActiveCfg = Release|Any CPU
		{40F17330-5A24-485E-93AE-18F399D047F2}.Release|Any CPU.Build.0 = Release|Any CPU
	EndGlobalSection
	GlobalSection(SolutionProperties) = preSolution
		HideSolutionNode = FALSE
	EndGlobalSection
	GlobalSection(ExtensibilityGlobals) = postSolution
		SolutionGuid = {5AA158DC-0DB8-40C9-ACF0-04AB14A3AF8C}
	EndGlobalSection
EndGlobal
